version = 1
revision = 3
requires-python = ">=3.14"

[[package]]
name = "anyio"
version = "4.13.0"
source = { registry = "https://pypi.org/simple" }
dependencies = [
    { name = "idna" },
]
sdist = { url = "https://files.pythonhosted.org/packages/19/14/2c5dd9f512b66549ae92767a9c7b330ae88e1932ca57876909410251fe13/anyio-4.13.0.tar.gz", hash = "sha256:334b70e641fd2221c1505b3890c69882fe4a2df910cba14d97019b90b24439dc", size = 231622, upload-time = "2026-03-24T12:59:09.671Z" }
wheels = [
    { url = "https://files.pythonhosted.org/packages/da/42/e921fccf5015463e32a3cf6ee7f980a6ed0f395ceeaa45060b61d86486c2/anyio-4.13.0-py3-none-any.whl", hash = "sha256:08b310f9e24a9594186fd75b4f73f4a4152069e3853f1ed8bfbf58369f4ad708", size = 114353, upload-time = "2026-03-24T12:59:08.246Z" },
]

[[package]]
name = "click"
version = "8.4.1"
source = { registry = "https://pypi.org/simple" }
dependencies = [
    { name = "colorama", marker = "sys_platform == 'win32'" },
]
sdist = { url = "https://files.pythonhosted.org/packages/9b/98/518d8e5081007684232226f475082b30087d0f585e8457db087298259f49/click-8.4.1.tar.gz", hash = "sha256:918b5633eddf6b41c32d4f454bf0de810065c74e3f7dbf8ee5452f8be88d3e96", size = 353007, upload-time = "2026-05-22T04:08:37.769Z" }
wheels = [
    { url = "https://files.pythonhosted.org/packages/c7/0d/67e5b4109ea4a837e80daa87c2c696711955e40449a97e8926672534def2/click-8.4.1-py3-none-any.whl", hash = "sha256:482be17c6991b8c19c5429a1e995d9b0efdbb63172824c41f99965dc0ade8ec2", size = 116639, upload-time = "2026-05-22T04:08:35.26Z" },
]

[[package]]
name = "colorama"
version = "0.4.6"
source = { registry = "https://pypi.org/simple" }
sdist = { url = "https://files.pythonhosted.org/packages/d8/53/6f443c9a4a8358a93a6792e2acffb9d9d5cb0a5cfd8802644b7b1c9a02e4/colorama-0.4.6.tar.gz", hash = "sha256:08695f5cb7ed6e0531a20572697297273c47b8cae5a63ffc6d6ed5c201be6e44", size = 27697, upload-time = "2022-10-25T02:36:22.414Z" }
wheels = [
    { url = "https://files.pythonhosted.org/packages/d1/d6/3965ed04c63042e047cb6a3e6ed1a63a35087b6a609aa3a15ed8ac56c221/colorama-0.4.6-py2.py3-none-any.whl", hash = "sha256:4f1d9991f5acc0ca119f9d443620b77f9d6b33703e51011c16baf57afb285fc6", size = 25335, upload-time = "2022-10-25T02:36:20.889Z" },
]

[[package]]
name = "df-valkey-migration"
source = { editable = "." }
dependencies = [
    { name = "click" },
    { name = "valkey" },
    { name = "valkey-glide" },
]

[package.metadata]
requires-dist = [
    { name = "click", specifier = ">=8.4.1" },
    { name = "valkey", specifier = ">=6.1.1" },
    { name = "valkey-glide", specifier = ">=2.4.1" },
]

[[package]]
name = "idna"
version = "3.18"
source = { registry = "https://pypi.org/simple" }
sdist = { url = "https://files.pythonhosted.org/packages/cd/63/9496c57188a2ee585e0f1db071d75089a11e98aa86eb99d9d7618fc1edce/idna-3.18.tar.gz", hash = "sha256:ffb385a7e039654cef1ab9ef32c6fafe283c0c0467bba1d9029738ce4a14a848", size = 196711, upload-time = "2026-06-02T14:34:07.794Z" }
wheels = [
    { url = "https://files.pythonhosted.org/packages/1e/5e/d4e9f1a599fb8e573b7b87160658329fbf28d19eac2718f51fc3def3aa5a/idna-3.18-py3-none-any.whl", hash = "sha256:7f952cbe720b688055e3f87de14f5c3e5fdaa8bc3928985c4077ca689de849a2", size = 65455, upload-time = "2026-06-02T14:34:06.319Z" },
]

[[package]]
name = "protobuf"
version = "7.35.0"
source = { registry = "https://pypi.org/simple" }
sdist = { url = "https://files.pythonhosted.org/packages/60/fd/5b1491d9e4b586d621c54f4c36b888714164b6875f8d6afa3f9072906a51/protobuf-7.35.0.tar.gz", hash = "sha256:a2efd84605f41e559f1881b0912b44099d0a2ac9bf46b3474823f10fb393b0e6", size = 458677, upload-time = "2026-05-19T23:02:29.197Z" }
wheels = [
    { url = "https://files.pythonhosted.org/packages/83/ee/93d06e358a4aa32280b00e722d3ea0a1f25fc3cc5778d80581c9cca2c10e/protobuf-7.35.0-cp310-abi3-macosx_10_9_universal2.whl", hash = "sha256:66be6c513931c794fa92c080ffee41671390da3d79da219cf9c0c0907f035dda", size = 433225, upload-time = "2026-05-19T23:02:19.884Z" },
    { url = "https://files.pythonhosted.org/packages/8b/39/1c76c2da93f3c507e958e0aecee2391cc44d4625de6c728bbc555195b5a8/protobuf-7.35.0-cp310-abi3-manylinux2014_aarch64.whl", hash = "sha256:fcbe42a4ac09d3ec9c987ddfcd956afd0b15f1ff613bd8371bde9405ffd5c8e5", size = 328847, upload-time = "2026-05-19T23:02:22.3Z" },
    { url = "https://files.pythonhosted.org/packages/91/1a/39f7ce90a238c1a987a4d81ec26379e02ca0aff367de68e4a1fa474215b9/protobuf-7.35.0-cp310-abi3-manylinux2014_s390x.whl", hash = "sha256:4cbf5cc286130e06a6c9bbefac442431173906dfcc979712183d4adcc01b37ee", size = 344030, upload-time = "2026-05-19T23:02:23.591Z" },
    { url = "https://files.pythonhosted.org/packages/70/5b/6baf9008817964454055ff3fe65f1de0b5f1e26c80c82f7fb108b7cd4ea3/protobuf-7.35.0-cp310-abi3-manylinux2014_x86_64.whl", hash = "sha256:6c0f98f10c8a05ea30f8993dfef2de093d27b490fdae78bb60c8343795d55011", size = 327130, upload-time = "2026-05-19T23:02:24.637Z" },
    { url = "https://files.pythonhosted.org/packages/8e/e5/e46adb0badc388bfb84877a5f9f026aff63f60e611016cf64dbe77e05446/protobuf-7.35.0-cp310-abi3-win32.whl", hash = "sha256:4c4617b83ade0e279d1d2bfe04025a1adb87f9ed657de038620dc0ff959357f6", size = 428946, upload-time = "2026-05-19T23:02:25.741Z" },
    { url = "https://files.pythonhosted.org/packages/a7/ab/547fbd9e16d879dd13c167478f8ae0a83a428008ca07a5e06acdc23ad473/protobuf-7.35.0-cp310-abi3-win_amd64.whl", hash = "sha256:f05bcadf9a2a6b8dda047007075135fb7d08c73d9177aabc067e1be46881a201", size = 439996, upload-time = "2026-05-19T23:02:26.808Z" },
    { url = "https://files.pythonhosted.org/packages/b8/ef/50433d346c56657a70d27f156c7b349ac59a068b01de4eb796e747eecc43/protobuf-7.35.0-py3-none-any.whl", hash = "sha256:c13f325cf242bad135c350629eeb5d54b24228eb472fb3e2e9ebbd4c5dc20ca0", size = 171659, upload-time = "2026-05-19T23:02:27.842Z" },
]

[[package]]
name = "sniffio"
version = "1.3.1"
source = { registry = "https://pypi.org/simple" }
sdist = { url = "https://files.pythonhosted.org/packages/a2/87/a6771e1546d97e7e041b6ae58d80074f81b7d5121207425c964ddf5cfdbd/sniffio-1.3.1.tar.gz", hash = "sha256:f4324edc670a0f49750a81b895f35c3adb843cca46f0530f79fc1babb23789dc", size = 20372, upload-time = "2024-02-25T23:20:04.057Z" }
wheels = [
    { url = "https://files.pythonhosted.org/packages/e9/44/75a9c9421471a6c4805dbf2356f7c181a29c1879239abab1ea2cc8f38b40/sniffio-1.3.1-py3-none-any.whl", hash = "sha256:2f6da418d1f1e0fddd844478f41680e794e6051915791a034ff65e5f100525a2", size = 10235, upload-time = "2024-02-25T23:20:01.196Z" },
]

[[package]]
name = "valkey"
version = "6.1.1"
source = { registry = "https://pypi.org/simple" }
sdist = { url = "https://files.pythonhosted.org/packages/c3/ee/7fd930fc712275084722ddd464a0ea296abdb997d2da396320507968daeb/valkey-6.1.1.tar.gz", hash = "sha256:5880792990c6c2b5eb604a5ed5f98f300880b6dd92d123819b66ed54bb259731", size = 4601372, upload-time = "2025-08-11T06:41:10.63Z" }
wheels = [
    { url = "https://files.pythonhosted.org/packages/d0/a2/252afa4da08c714460f49e943070f86a02931f99f886182765194002fe33/valkey-6.1.1-py3-none-any.whl", hash = "sha256:e2691541c6e1503b53c714ad9a35551ac9b7c0bbac93865f063dbc859a46de92", size = 259474, upload-time = "2025-08-11T06:41:08.769Z" },
]

[[package]]
name = "valkey-glide"
version = "2.4.1"
source = { registry = "https://pypi.org/simple" }
dependencies = [
    { name = "anyio" },
    { name = "protobuf" },
    { name = "sniffio" },
]
sdist = { url = "https://files.pythonhosted.org/packages/72/a2/582b34c6acc8dc857c537f6007459cba48dfa0dc404789a657e5c1a998c0/valkey_glide-2.4.1.tar.gz", hash = "sha256:f1155d84156d11b90488aa67e90102f0bf98a45314f5b99308ac9074c05f7241", size = 898030, upload-time = "2026-05-28T21:41:55.881Z" }
wheels = [
    { url = "https://files.pythonhosted.org/packages/05/35/6d39ec3cbd24d85ad8e1051e29e6509c0999f760aff5af7851c1a1981471/valkey_glide-2.4.1-cp314-cp314-macosx_10_7_x86_64.whl", hash = "sha256:91fb7ff97acdabc8f641255b548a48627bb731e65037b1126745bf8a0022e87d", size = 7471906, upload-time = "2026-05-28T21:41:22.135Z" },
    { url = "https://files.pythonhosted.org/packages/ab/fc/3c28f794b7d35e13101598669c1d249c0a9f0408c545c87212e364c6ee4e/valkey_glide-2.4.1-cp314-cp314-macosx_11_0_arm64.whl", hash = "sha256:d49a2537c2de44b0fc57691b1ae6c3d6f481e6f7f7eb879c0d28921d0aaec67d", size = 6943495, upload-time = "2026-05-28T21:41:23.783Z" },
    { url = "https://files.pythonhosted.org/packages/2e/15/fb884631f5df78dc538c56bca9391165e40906b9b63ca65633d1be5bf980/valkey_glide-2.4.1-cp314-cp314-manylinux_2_17_aarch64.manylinux2014_aarch64.whl", hash = "sha256:cded9f14e448da5a96f61c066395f2c7e2846f2afe74cacc8634da0ae0c3425f", size = 7257720, upload-time = "2026-05-28T21:41:25.361Z" },
    { url = "https://files.pythonhosted.org/packages/73/79/0b881017194386d21812b929a81dd8afd51d6b8d92280895b45913854785/valkey_glide-2.4.1-cp314-cp314-manylinux_2_17_x86_64.manylinux2014_x86_64.whl", hash = "sha256:5f249ab5bd0d69befe35897cf51a8fc9e01e9c8c9fe03087a68e6fe6d3e31d0d", size = 7682318, upload-time = "2026-05-28T21:41:26.996Z" },
]
